
Microsoft Visual Studio Solution File, Format Version 12.00
# Visual Studio Version 17
VisualStudioVersion = 17.14.35906.104 d17.14
MinimumVisualStudioVersion = 10.0.40219.1
Project("{FAE04EC0-301F-11D3-BF4B-00C04F79EFBC}") = "ConsoleApp2", "ConsoleApp2\ConsoleApp2.csproj", "{E52D48A0-14AB-461A-8005-5EB703A58A33}"
EndProject
Global
	GlobalSection(SolutionConfigurationPlatforms) = preSolution
		Debug|Any CPU = Debug|Any CPU
		Release|Any CPU = Release|Any CPU
	EndGlobalSection
	GlobalSection(ProjectConfigurationPlatforms) = postSolution
		{E52D48A0-14AB-461A-8005-5EB703A58A33}.Debug|Any CPU.ActiveCfg = Debug|Any CPU
		{E52D48A0-14AB-461A-8005-5EB703A58A33}.Debug|Any CPU.Build.0 = Debug|Any CPU
		{E52D48A0-14AB-461A-8005-5EB703A58A33}.Release|Any CPU.ActiveCfg = Release|Any CPU
		{E52D48A0-14AB-461A-8005-5EB703A58A33}.Release|Any CPU.Build.0 = Release|Any CPU
	EndGlobalSection
	GlobalSection(SolutionProperties) = preSolution
		HideSolutionNode = FALSE
	EndGlobalSection
	GlobalSection(ExtensibilityGlobals) = postSolution
		SolutionGuid = {0AEAF305-ED93-44EF-BBC5-22AA63629317}
	EndGlobalSection
EndGlobal
